
Microsoft Visual Studio Solution File, Format Version 12.00
# Visual Studio Version 17
VisualStudioVersion = 17.4.33103.184
MinimumVisualStudioVersion = 10.0.40219.1
Project("{9A19103F-16F7-4668-BE54-9A1E7A4F7556}") = "Akka.IO.TcpTools", "src\Akka.IO.TcpTools\Akka.IO.TcpTools.csproj", "{81CA435F-59C0-4EAE-AF95-5113FB0F5126}"
EndProject
Project("{2150E333-8FDC-42A3-9474-1A3956D46DE8}") = "Solution Items", "Solution Items", "{A5C8C884-8C62-4193-8F3C-B2265D20E39F}"
	ProjectSection(SolutionItems) = preProject
		.github\workflows\CI.yml = .github\workflows\CI.yml
	EndProjectSection
EndProject
Project("{FAE04EC0-301F-11D3-BF4B-00C04F79EFBC}") = "Akka.IO.TcpTools.Test", "src\Akka.IO.TcpTools.Test\Akka.IO.TcpTools.Test.csproj", "{B798FB39-5450-423B-BB3D-FB4DA6E4BA89}"
EndProject
Global
	GlobalSection(SolutionConfigurationPlatforms) = preSolution
		Debug|Any CPU = Debug|Any CPU
		Release|Any CPU = Release|Any CPU
	EndGlobalSection
	GlobalSection(ProjectConfigurationPlatforms) = postSolution
		{81CA435F-59C0-4EAE-AF95-5113FB0F5126}.Debug|Any CPU.ActiveCfg = Debug|Any CPU
		{81CA435F-59C0-4EAE-AF95-5113FB0F5126}.Debug|Any CPU.Build.0 = Debug|Any CPU
		{81CA435F-59C0-4EAE-AF95-5113FB0F5126}.Release|Any CPU.ActiveCfg = Release|Any CPU
		{81CA435F-59C0-4EAE-AF95-5113FB0F5126}.Release|Any CPU.Build.0 = Release|Any CPU
		{B798FB39-5450-423B-BB3D-FB4DA6E4BA89}.Debug|Any CPU.ActiveCfg = Debug|Any CPU
		{B798FB39-5450-423B-BB3D-FB4DA6E4BA89}.Debug|Any CPU.Build.0 = Debug|Any CPU
		{B798FB39-5450-423B-BB3D-FB4DA6E4BA89}.Release|Any CPU.ActiveCfg = Release|Any CPU
		{B798FB39-5450-423B-BB3D-FB4DA6E4BA89}.Release|Any CPU.Build.0 = Release|Any CPU
	EndGlobalSection
	GlobalSection(SolutionProperties) = preSolution
		HideSolutionNode = FALSE
	EndGlobalSection
	GlobalSection(ExtensibilityGlobals) = postSolution
		SolutionGuid = {E0554F0C-05D7-4EF9-92FA-38CEBF6D3462}
	EndGlobalSection
EndGlobal
